
Microsoft Visual Studio Solution File, Format Version 12.00
# Visual Studio Version 17
VisualStudioVersion = 17.11.35327.3
MinimumVisualStudioVersion = 10.0.40219.1
Project("{9A19103F-16F7-4668-BE54-9A1E7A4F7556}") = "BlazorWebAssemblyTemplate.Server", "BlazorWebAssemblyTemplate.Server\BlazorWebAssemblyTemplate.Server.csproj", "{4D6E46D3-F137-45A6-B464-FD7F953D0545}"
EndProject
Project("{9A19103F-16F7-4668-BE54-9A1E7A4F7556}") = "BlazorWebAssemblyTemplate.Shared", "BlazorWebAssemblyTemplate.Shared\BlazorWebAssemblyTemplate.Shared.csproj", "{1B9882A1-9912-4961-9486-994F28197D23}"
EndProject
Project("{9A19103F-16F7-4668-BE54-9A1E7A4F7556}") = "BlazorWebAssemblyTemplate.Client", "BlazorWebAssemblyTemplate.Client\BlazorWebAssemblyTemplate.Client.csproj", "{6FC318CF-F2B0-4D5E-933D-9AF73B2E6B20}"
EndProject
Global
	GlobalSection(SolutionConfigurationPlatforms) = preSolution
		Debug|Any CPU = Debug|Any CPU
		Release|Any CPU = Release|Any CPU
	EndGlobalSection
	GlobalSection(ProjectConfigurationPlatforms) = postSolution
		{4D6E46D3-F137-45A6-B464-FD7F953D0545}.Debug|Any CPU.ActiveCfg = Debug|Any CPU
		{4D6E46D3-F137-45A6-B464-FD7F953D0545}.Debug|Any CPU.Build.0 = Debug|Any CPU
		{4D6E46D3-F137-45A6-B464-FD7F953D0545}.Release|Any CPU.ActiveCfg = Release|Any CPU
		{4D6E46D3-F137-45A6-B464-FD7F953D0545}.Release|Any CPU.Build.0 = Release|Any CPU
		{1B9882A1-9912-4961-9486-994F28197D23}.Debug|Any CPU.ActiveCfg = Debug|Any CPU
		{1B9882A1-9912-4961-9486-994F28197D23}.Debug|Any CPU.Build.0 = Debug|Any CPU
		{1B9882A1-9912-4961-9486-994F28197D23}.Release|Any CPU.ActiveCfg = Release|Any CPU
		{1B9882A1-9912-4961-9486-994F28197D23}.Release|Any CPU.Build.0 = Release|Any CPU
		{6FC318CF-F2B0-4D5E-933D-9AF73B2E6B20}.Debug|Any CPU.ActiveCfg = Debug|Any CPU
		{6FC318CF-F2B0-4D5E-933D-9AF73B2E6B20}.Debug|Any CPU.Build.0 = Debug|Any CPU
		{6FC318CF-F2B0-4D5E-933D-9AF73B2E6B20}.Release|Any CPU.ActiveCfg = Release|Any CPU
		{6FC318CF-F2B0-4D5E-933D-9AF73B2E6B20}.Release|Any CPU.Build.0 = Release|Any CPU
	EndGlobalSection
	GlobalSection(SolutionProperties) = preSolution
		HideSolutionNode = FALSE
	EndGlobalSection
	GlobalSection(ExtensibilityGlobals) = postSolution
		SolutionGuid = {870367D9-F4C4-42D2-9DAA-EA1839224DBE}
	EndGlobalSection
EndGlobal
